
Microsoft Visual Studio Solution File, Format Version 12.00
# Visual Studio 15
VisualStudioVersion = 15.0.27703.2035
MinimumVisualStudioVersion = 10.0.40219.1
Project("{FAE04EC0-301F-11D3-BF4B-00C04F79EFBC}") = "MultiBrowserTesting", "MultiBrowserTesting\MultiBrowserTesting.csproj", "{131348AC-6BF1-4873-84C1-17BB3AEF143F}"
EndProject
Global
	GlobalSection(SolutionConfigurationPlatforms) = preSolution
		Debug|Any CPU = Debug|Any CPU
		Release|Any CPU = Release|Any CPU
	EndGlobalSection
	GlobalSection(ProjectConfigurationPlatforms) = postSolution
		{131348AC-6BF1-4873-84C1-17BB3AEF143F}.Debug|Any CPU.ActiveCfg = Debug|Any CPU
		{131348AC-6BF1-4873-84C1-17BB3AEF143F}.Debug|Any CPU.Build.0 = Debug|Any CPU
		{131348AC-6BF1-4873-84C1-17BB3AEF143F}.Release|Any CPU.ActiveCfg = Release|Any CPU
		{131348AC-6BF1-4873-84C1-17BB3AEF143F}.Release|Any CPU.Build.0 = Release|Any CPU
	EndGlobalSection
	GlobalSection(SolutionProperties) = preSolution
		HideSolutionNode = FALSE
	EndGlobalSection
	GlobalSection(ExtensibilityGlobals) = postSolution
		SolutionGuid = {33F30AF9-B37B-49B3-ABA5-C071D2CF3598}
	EndGlobalSection
EndGlobal
